
Microsoft Visual Studio Solution File, Format Version 12.00
# Visual Studio Version 16
VisualStudioVersion = 16.0.30621.155
MinimumVisualStudioVersion = 10.0.40219.1
Project("{FAE04EC0-301F-11D3-BF4B-00C04F79EFBC}") = "quiz2-webpro", "quiz2-webpro\quiz2-webpro.csproj", "{210CBF7B-BD6E-4A3A-A6AF-C051D33C4D21}"
EndProject
Global
	GlobalSection(SolutionConfigurationPlatforms) = preSolution
		Debug|Any CPU = Debug|Any CPU
		Release|Any CPU = Release|Any CPU
	EndGlobalSection
	GlobalSection(ProjectConfigurationPlatforms) = postSolution
		{210CBF7B-BD6E-4A3A-A6AF-C051D33C4D21}.Debug|Any CPU.ActiveCfg = Debug|Any CPU
		{210CBF7B-BD6E-4A3A-A6AF-C051D33C4D21}.Debug|Any CPU.Build.0 = Debug|Any CPU
		{210CBF7B-BD6E-4A3A-A6AF-C051D33C4D21}.Release|Any CPU.ActiveCfg = Release|Any CPU
		{210CBF7B-BD6E-4A3A-A6AF-C051D33C4D21}.Release|Any CPU.Build.0 = Release|Any CPU
	EndGlobalSection
	GlobalSection(SolutionProperties) = preSolution
		HideSolutionNode = FALSE
	EndGlobalSection
	GlobalSection(ExtensibilityGlobals) = postSolution
		SolutionGuid = {0C054C6D-3408-4951-9CB5-941EAC3D9C42}
	EndGlobalSection
EndGlobal
